
Microsoft Visual Studio Solution File, Format Version 12.00
# Visual Studio 15
VisualStudioVersion = 15.0.28307.539
MinimumVisualStudioVersion = 10.0.40219.1
Project("{8BC9CEB8-8B4A-11D0-8D11-00A0C91BC942}") = "MyLabDoubleArray", "MyLabDoubleArray\MyLabDoubleArray.vcxproj", "{54F03D2E-EC01-4A0A-A6E4-3A5CFAED2E90}"
EndProject
Global
	GlobalSection(SolutionConfigurationPlatforms) = preSolution
		Debug|x64 = Debug|x64
		Debug|x86 = Debug|x86
		Release|x64 = Release|x64
		Release|x86 = Release|x86
	EndGlobalSection
	GlobalSection(ProjectConfigurationPlatforms) = postSolution
		{54F03D2E-EC01-4A0A-A6E4-3A5CFAED2E90}.Debug|x64.ActiveCfg = Debug|x64
		{54F03D2E-EC01-4A0A-A6E4-3A5CFAED2E90}.Debug|x64.Build.0 = Debug|x64
		{54F03D2E-EC01-4A0A-A6E4-3A5CFAED2E90}.Debug|x86.ActiveCfg = Debug|Win32
		{54F03D2E-EC01-4A0A-A6E4-3A5CFAED2E90}.Debug|x86.Build.0 = Debug|Win32
		{54F03D2E-EC01-4A0A-A6E4-3A5CFAED2E90}.Release|x64.ActiveCfg = Release|x64
		{54F03D2E-EC01-4A0A-A6E4-3A5CFAED2E90}.Release|x64.Build.0 = Release|x64
		{54F03D2E-EC01-4A0A-A6E4-3A5CFAED2E90}.Release|x86.ActiveCfg = Release|Win32
		{54F03D2E-EC01-4A0A-A6E4-3A5CFAED2E90}.Release|x86.Build.0 = Release|Win32
	EndGlobalSection
	GlobalSection(SolutionProperties) = preSolution
		HideSolutionNode = FALSE
	EndGlobalSection
	GlobalSection(ExtensibilityGlobals) = postSolution
		SolutionGuid = {2141D089-6F61-4AF6-B729-7A6D111EFC98}
	EndGlobalSection
EndGlobal
